
Microsoft Visual Studio Solution File, Format Version 12.00
# Visual Studio Version 17
VisualStudioVersion = 17.0.31903.59
MinimumVisualStudioVersion = 10.0.40219.1
Project("{FAE04EC0-301F-11D3-BF4B-00C04F79EFBC}") = "SharedKernel", "SharedKernel\SharedKernel.csproj", "{B6415D57-6548-4196-9A8A-ABCE662B632A}"
EndProject
Project("{FAE04EC0-301F-11D3-BF4B-00C04F79EFBC}") = "SharedContracts", "SharedContracts\SharedContracts.csproj", "{F1EA9C5E-93AF-4FC5-BE0F-96A291694F87}"
EndProject
Project("{FAE04EC0-301F-11D3-BF4B-00C04F79EFBC}") = "SharedInfrastructure", "SharedInfrastructure\SharedInfrastructure.csproj", "{8677DCF8-4990-4D33-808A-0F61E26189DB}"
EndProject
Global
	GlobalSection(SolutionConfigurationPlatforms) = preSolution
		Debug|Any CPU = Debug|Any CPU
		Release|Any CPU = Release|Any CPU
	EndGlobalSection
	GlobalSection(ProjectConfigurationPlatforms) = postSolution
		{B6415D57-6548-4196-9A8A-ABCE662B632A}.Debug|Any CPU.ActiveCfg = Debug|Any CPU
		{B6415D57-6548-4196-9A8A-ABCE662B632A}.Debug|Any CPU.Build.0 = Debug|Any CPU
		{B6415D57-6548-4196-9A8A-ABCE662B632A}.Release|Any CPU.ActiveCfg = Release|Any CPU
		{B6415D57-6548-4196-9A8A-ABCE662B632A}.Release|Any CPU.Build.0 = Release|Any CPU
		{F1EA9C5E-93AF-4FC5-BE0F-96A291694F87}.Debug|Any CPU.ActiveCfg = Debug|Any CPU
		{F1EA9C5E-93AF-4FC5-BE0F-96A291694F87}.Debug|Any CPU.Build.0 = Debug|Any CPU
		{F1EA9C5E-93AF-4FC5-BE0F-96A291694F87}.Release|Any CPU.ActiveCfg = Release|Any CPU
		{F1EA9C5E-93AF-4FC5-BE0F-96A291694F87}.Release|Any CPU.Build.0 = Release|Any CPU
		{8677DCF8-4990-4D33-808A-0F61E26189DB}.Debug|Any CPU.ActiveCfg = Debug|Any CPU
		{8677DCF8-4990-4D33-808A-0F61E26189DB}.Debug|Any CPU.Build.0 = Debug|Any CPU
		{8677DCF8-4990-4D33-808A-0F61E26189DB}.Release|Any CPU.ActiveCfg = Release|Any CPU
		{8677DCF8-4990-4D33-808A-0F61E26189DB}.Release|Any CPU.Build.0 = Release|Any CPU
	EndGlobalSection
	GlobalSection(SolutionProperties) = preSolution
		HideSolutionNode = FALSE
	EndGlobalSection
	GlobalSection(ExtensibilityGlobals) = postSolution
		SolutionGuid = {B753A16D-1DCC-4638-A709-14D6E2C3C0BF}
	EndGlobalSection
EndGlobal
