
Microsoft Visual Studio Solution File, Format Version 12.00
# Visual Studio Version 17
VisualStudioVersion = 17.0.31903.59
MinimumVisualStudioVersion = 10.0.40219.1
Project("{2150E333-8FDC-42A3-9474-1A3956D46DE8}") = "Shared", "Shared", "{02EA681E-C7D8-13C7-8484-4AC65E1B71E8}"
EndProject
Project("{FAE04EC0-301F-11D3-BF4B-00C04F79EFBC}") = "SharedContracts", "shared\SharedContracts\SharedContracts.csproj", "{F6D36998-D115-6AE4-7D8E-48B805EDD83F}"
EndProject
Project("{FAE04EC0-301F-11D3-BF4B-00C04F79EFBC}") = "SharedInfrastructure", "shared\SharedInfrastructure\SharedInfrastructure.csproj", "{EE6D54B1-DAB3-130A-AE01-6FE5AC7049B4}"
EndProject
Project("{FAE04EC0-301F-11D3-BF4B-00C04F79EFBC}") = "SharedKernel", "shared\SharedKernel\SharedKernel.csproj", "{75F7FF39-415A-051E-9D8A-84A65B2A3F92}"
EndProject
Project("{2150E333-8FDC-42A3-9474-1A3956D46DE8}") = "Services", "Services", "{3502CA89-F14B-49B3-B7D7-6230070674E8}"
EndProject
Project("{2150E333-8FDC-42A3-9474-1A3956D46DE8}") = "ApiGateway", "ApiGateway", "{8FFFEAA6-140B-46C4-9E1E-134710AC2B0F}"
EndProject
Project("{FAE04EC0-301F-11D3-BF4B-00C04F79EFBC}") = "ApiGateway", "services\ApiGateway\src\ApiGateway\ApiGateway.csproj", "{6C1E3A4B-4530-130E-FBA3-02124895405E}"
EndProject
Project("{2150E333-8FDC-42A3-9474-1A3956D46DE8}") = "AuthService", "AuthService", "{4D1791D4-A8C2-439C-8E2C-6234F7721FB5}"
EndProject
Project("{FAE04EC0-301F-11D3-BF4B-00C04F79EFBC}") = "AuthService.Api", "services\AuthService\src\AuthService.Api\AuthService.Api.csproj", "{F57F2ECE-CAB3-0147-E8BA-47E53CF4D4ED}"
EndProject
Project("{FAE04EC0-301F-11D3-BF4B-00C04F79EFBC}") = "AuthService.Application", "services\AuthService\src\AuthService.Application\AuthService.Application.csproj", "{DC6D868B-6BF7-8727-AB25-D8B4953DDD70}"
EndProject
Project("{FAE04EC0-301F-11D3-BF4B-00C04F79EFBC}") = "AuthService.Domain", "services\AuthService\src\AuthService.Domain\AuthService.Domain.csproj", "{0704402A-27FB-2B81-A5B1-9428C89666FE}"
EndProject
Project("{FAE04EC0-301F-11D3-BF4B-00C04F79EFBC}") = "AuthService.Infrastructure", "services\AuthService\src\AuthService.Infrastructure\AuthService.Infrastructure.csproj", "{AC6F5F51-1521-BE92-2EB4-5050DDC260C3}"
EndProject
Project("{2150E333-8FDC-42A3-9474-1A3956D46DE8}") = "EventService", "EventService", "{769DBB29-F87A-4993-B6AA-584271CA7316}"
EndProject
Project("{FAE04EC0-301F-11D3-BF4B-00C04F79EFBC}") = "EventService.Api", "services\EventService\src\EventService.Api\EventService.Api.csproj", "{3722ADB2-F852-9EE7-40C9-3FBD9433D186}"
EndProject
Project("{FAE04EC0-301F-11D3-BF4B-00C04F79EFBC}") = "EventService.Application", "services\EventService\src\EventService.Application\EventService.Application.csproj", "{1E69B93B-6B54-4A3B-A1F0-9B074FECCD31}"
EndProject
Project("{FAE04EC0-301F-11D3-BF4B-00C04F79EFBC}") = "EventService.Domain", "services\EventService\src\EventService.Domain\EventService.Domain.csproj", "{B4E38C76-BDFF-438C-E99B-DE405D688933}"
EndProject
Project("{FAE04EC0-301F-11D3-BF4B-00C04F79EFBC}") = "EventService.Infrastructure", "services\EventService\src\EventService.Infrastructure\EventService.Infrastructure.csproj", "{3246BEB9-DBC4-B758-2987-594579D50FF0}"
EndProject
Project("{2150E333-8FDC-42A3-9474-1A3956D46DE8}") = "EmailService", "EmailService", "{2BC12B9F-D074-4BD6-A78B-62EFE384082A}"
EndProject
Project("{FAE04EC0-301F-11D3-BF4B-00C04F79EFBC}") = "EmailService.Api", "services\EmailService\src\EmailService.Api\EmailService.Api.csproj", "{CBC997A7-62E5-E6E6-0485-D5E6F5268E25}"
EndProject
Project("{FAE04EC0-301F-11D3-BF4B-00C04F79EFBC}") = "EmailService.Infrastructure", "services\EmailService\src\EmailService.Infrastructure\EmailService.Infrastructure.csproj", "{BBD2F726-6149-D5DC-1366-2780779E4A3A}"
EndProject
Project("{FAE04EC0-301F-11D3-BF4B-00C04F79EFBC}") = "ApiGatewayYarp", "services\ApiGatewayYarp\src\ApiGatewayYarp\ApiGatewayYarp.csproj", "{ECC7A957-FC57-D54A-AB67-8242E312A7FD}"
EndProject
Project("{2150E333-8FDC-42A3-9474-1A3956D46DE8}") = "TicketService", "TicketService", "{B3034086-F940-498C-8EAE-8942026FA7D8}"
EndProject
Project("{FAE04EC0-301F-11D3-BF4B-00C04F79EFBC}") = "TicketService.Api", "services\TicketService\src\TicketService.Api\TicketService.Api.csproj", "{C48A26C1-D5C3-239A-3D02-32807D6B7FC9}"
EndProject
Project("{FAE04EC0-301F-11D3-BF4B-00C04F79EFBC}") = "TicketService.Application", "services\TicketService\src\TicketService.Application\TicketService.Application.csproj", "{E11BE5CC-AE93-9D7E-B356-415DAF29CCB0}"
EndProject
Project("{FAE04EC0-301F-11D3-BF4B-00C04F79EFBC}") = "TicketService.Domain", "services\TicketService\src\TicketService.Domain\TicketService.Domain.csproj", "{CAA267BD-BA98-3CB8-1435-F8CD02744F06}"
EndProject
Project("{FAE04EC0-301F-11D3-BF4B-00C04F79EFBC}") = "TicketService.Infrastructure", "services\TicketService\src\TicketService.Infrastructure\TicketService.Infrastructure.csproj", "{F3C8CE5C-3619-1B8A-71F8-6F293BE1BC8A}"
EndProject
Project("{2150E333-8FDC-42A3-9474-1A3956D46DE8}") = "BookingService", "BookingService", "{3AFB4190-39D1-4129-BC76-4EC33CED8FA5}"
EndProject
Project("{FAE04EC0-301F-11D3-BF4B-00C04F79EFBC}") = "BookingService.Api", "services\BookingService\src\BookingService.Api\BookingService.Api.csproj", "{8E97340A-9494-3081-1A6E-3D49AE1330E4}"
EndProject
Project("{FAE04EC0-301F-11D3-BF4B-00C04F79EFBC}") = "BookingService.Application", "services\BookingService\src\BookingService.Application\BookingService.Application.csproj", "{6EE605A0-4126-9791-1D93-B300E8FBEEA6}"
EndProject
Project("{FAE04EC0-301F-11D3-BF4B-00C04F79EFBC}") = "BookingService.Domain", "services\BookingService\src\BookingService.Domain\BookingService.Domain.csproj", "{F7957DF7-25B3-C7BF-19BA-B76EAF6BCECE}"
EndProject
Project("{FAE04EC0-301F-11D3-BF4B-00C04F79EFBC}") = "BookingService.Infrastructure", "services\BookingService\src\BookingService.Infrastructure\BookingService.Infrastructure.csproj", "{88FCAA33-AD73-353C-CCF4-BDDAE48D14BC}"
EndProject
Project("{2150E333-8FDC-42A3-9474-1A3956D46DE8}") = "PaymentService", "PaymentService", "{8B79D516-40F5-4231-ADB5-081F2E277F31}"
EndProject
Project("{FAE04EC0-301F-11D3-BF4B-00C04F79EFBC}") = "PaymentService.Api", "services\PaymentService\src\PaymentService.Api\PaymentService.Api.csproj", "{E62BE06E-D54F-054C-C665-259ED73669AC}"
EndProject
Project("{FAE04EC0-301F-11D3-BF4B-00C04F79EFBC}") = "PaymentService.Application", "services\PaymentService\src\PaymentService.Application\PaymentService.Application.csproj", "{D0C94E8A-4386-4448-57FD-A9BDE44779E0}"
EndProject
Project("{FAE04EC0-301F-11D3-BF4B-00C04F79EFBC}") = "PaymentService.Domain", "services\PaymentService\src\PaymentService.Domain\PaymentService.Domain.csproj", "{1A43EE15-95E0-11C2-64A1-683821577F9E}"
EndProject
Project("{FAE04EC0-301F-11D3-BF4B-00C04F79EFBC}") = "PaymentService.Infrastructure", "services\PaymentService\src\PaymentService.Infrastructure\PaymentService.Infrastructure.csproj", "{02301420-AC72-68A5-5E87-9907B56B791C}"
EndProject
Project("{2150E333-8FDC-42A3-9474-1A3956D46DE8}") = "OperationService", "OperationService", "{E24A660F-CEC8-43B1-B331-8E964BFAB511}"
EndProject
Project("{FAE04EC0-301F-11D3-BF4B-00C04F79EFBC}") = "OperationService.Api", "services\OperationService\src\OperationService.Api\OperationService.Api.csproj", "{39E718DC-1876-7F87-AD59-96D99B60F4E2}"
EndProject
Project("{FAE04EC0-301F-11D3-BF4B-00C04F79EFBC}") = "OperationService.Application", "services\OperationService\src\OperationService.Application\OperationService.Application.csproj", "{0E813AA3-146D-D7AC-246F-8E472D5F1451}"
EndProject
Project("{FAE04EC0-301F-11D3-BF4B-00C04F79EFBC}") = "OperationService.Domain", "services\OperationService\src\OperationService.Domain\OperationService.Domain.csproj", "{67C1ACE2-73CB-8078-4F89-DC1ADA782BA5}"
EndProject
Project("{FAE04EC0-301F-11D3-BF4B-00C04F79EFBC}") = "OperationService.Infrastructure", "services\OperationService\src\OperationService.Infrastructure\OperationService.Infrastructure.csproj", "{7474C6D6-B957-F500-E949-08019D500A08}"
EndProject
Global
	GlobalSection(SolutionConfigurationPlatforms) = preSolution
		Debug|Any CPU = Debug|Any CPU
		Release|Any CPU = Release|Any CPU
	EndGlobalSection
	GlobalSection(ProjectConfigurationPlatforms) = postSolution
		{F6D36998-D115-6AE4-7D8E-48B805EDD83F}.Debug|Any CPU.ActiveCfg = Debug|Any CPU
		{F6D36998-D115-6AE4-7D8E-48B805EDD83F}.Debug|Any CPU.Build.0 = Debug|Any CPU
		{F6D36998-D115-6AE4-7D8E-48B805EDD83F}.Release|Any CPU.ActiveCfg = Release|Any CPU
		{F6D36998-D115-6AE4-7D8E-48B805EDD83F}.Release|Any CPU.Build.0 = Release|Any CPU
		{EE6D54B1-DAB3-130A-AE01-6FE5AC7049B4}.Debug|Any CPU.ActiveCfg = Debug|Any CPU
		{EE6D54B1-DAB3-130A-AE01-6FE5AC7049B4}.Debug|Any CPU.Build.0 = Debug|Any CPU
		{EE6D54B1-DAB3-130A-AE01-6FE5AC7049B4}.Release|Any CPU.ActiveCfg = Release|Any CPU
		{EE6D54B1-DAB3-130A-AE01-6FE5AC7049B4}.Release|Any CPU.Build.0 = Release|Any CPU
		{75F7FF39-415A-051E-9D8A-84A65B2A3F92}.Debug|Any CPU.ActiveCfg = Debug|Any CPU
		{75F7FF39-415A-051E-9D8A-84A65B2A3F92}.Debug|Any CPU.Build.0 = Debug|Any CPU
		{75F7FF39-415A-051E-9D8A-84A65B2A3F92}.Release|Any CPU.ActiveCfg = Release|Any CPU
		{75F7FF39-415A-051E-9D8A-84A65B2A3F92}.Release|Any CPU.Build.0 = Release|Any CPU
		{6C1E3A4B-4530-130E-FBA3-02124895405E}.Debug|Any CPU.ActiveCfg = Debug|Any CPU
		{6C1E3A4B-4530-130E-FBA3-02124895405E}.Debug|Any CPU.Build.0 = Debug|Any CPU
		{6C1E3A4B-4530-130E-FBA3-02124895405E}.Release|Any CPU.ActiveCfg = Release|Any CPU
		{6C1E3A4B-4530-130E-FBA3-02124895405E}.Release|Any CPU.Build.0 = Release|Any CPU
		{F57F2ECE-CAB3-0147-E8BA-47E53CF4D4ED}.Debug|Any CPU.ActiveCfg = Debug|Any CPU
		{F57F2ECE-CAB3-0147-E8BA-47E53CF4D4ED}.Debug|Any CPU.Build.0 = Debug|Any CPU
		{F57F2ECE-CAB3-0147-E8BA-47E53CF4D4ED}.Release|Any CPU.ActiveCfg = Release|Any CPU
		{F57F2ECE-CAB3-0147-E8BA-47E53CF4D4ED}.Release|Any CPU.Build.0 = Release|Any CPU
		{DC6D868B-6BF7-8727-AB25-D8B4953DDD70}.Debug|Any CPU.ActiveCfg = Debug|Any CPU
		{DC6D868B-6BF7-8727-AB25-D8B4953DDD70}.Debug|Any CPU.Build.0 = Debug|Any CPU
		{DC6D868B-6BF7-8727-AB25-D8B4953DDD70}.Release|Any CPU.ActiveCfg = Release|Any CPU
		{DC6D868B-6BF7-8727-AB25-D8B4953DDD70}.Release|Any CPU.Build.0 = Release|Any CPU
		{0704402A-27FB-2B81-A5B1-9428C89666FE}.Debug|Any CPU.ActiveCfg = Debug|Any CPU
		{0704402A-27FB-2B81-A5B1-9428C89666FE}.Debug|Any CPU.Build.0 = Debug|Any CPU
		{0704402A-27FB-2B81-A5B1-9428C89666FE}.Release|Any CPU.ActiveCfg = Release|Any CPU
		{0704402A-27FB-2B81-A5B1-9428C89666FE}.Release|Any CPU.Build.0 = Release|Any CPU
		{AC6F5F51-1521-BE92-2EB4-5050DDC260C3}.Debug|Any CPU.ActiveCfg = Debug|Any CPU
		{AC6F5F51-1521-BE92-2EB4-5050DDC260C3}.Debug|Any CPU.Build.0 = Debug|Any CPU
		{AC6F5F51-1521-BE92-2EB4-5050DDC260C3}.Release|Any CPU.ActiveCfg = Release|Any CPU
		{AC6F5F51-1521-BE92-2EB4-5050DDC260C3}.Release|Any CPU.Build.0 = Release|Any CPU
		{3722ADB2-F852-9EE7-40C9-3FBD9433D186}.Debug|Any CPU.ActiveCfg = Debug|Any CPU
		{3722ADB2-F852-9EE7-40C9-3FBD9433D186}.Debug|Any CPU.Build.0 = Debug|Any CPU
		{3722ADB2-F852-9EE7-40C9-3FBD9433D186}.Release|Any CPU.ActiveCfg = Release|Any CPU
		{3722ADB2-F852-9EE7-40C9-3FBD9433D186}.Release|Any CPU.Build.0 = Release|Any CPU
		{1E69B93B-6B54-4A3B-A1F0-9B074FECCD31}.Debug|Any CPU.ActiveCfg = Debug|Any CPU
		{1E69B93B-6B54-4A3B-A1F0-9B074FECCD31}.Debug|Any CPU.Build.0 = Debug|Any CPU
		{1E69B93B-6B54-4A3B-A1F0-9B074FECCD31}.Release|Any CPU.ActiveCfg = Release|Any CPU
		{1E69B93B-6B54-4A3B-A1F0-9B074FECCD31}.Release|Any CPU.Build.0 = Release|Any CPU
		{B4E38C76-BDFF-438C-E99B-DE405D688933}.Debug|Any CPU.ActiveCfg = Debug|Any CPU
		{B4E38C76-BDFF-438C-E99B-DE405D688933}.Debug|Any CPU.Build.0 = Debug|Any CPU
		{B4E38C76-BDFF-438C-E99B-DE405D688933}.Release|Any CPU.ActiveCfg = Release|Any CPU
		{B4E38C76-BDFF-438C-E99B-DE405D688933}.Release|Any CPU.Build.0 = Release|Any CPU
		{3246BEB9-DBC4-B758-2987-594579D50FF0}.Debug|Any CPU.ActiveCfg = Debug|Any CPU
		{3246BEB9-DBC4-B758-2987-594579D50FF0}.Debug|Any CPU.Build.0 = Debug|Any CPU
		{3246BEB9-DBC4-B758-2987-594579D50FF0}.Release|Any CPU.ActiveCfg = Release|Any CPU
		{3246BEB9-DBC4-B758-2987-594579D50FF0}.Release|Any CPU.Build.0 = Release|Any CPU
		{CBC997A7-62E5-E6E6-0485-D5E6F5268E25}.Debug|Any CPU.ActiveCfg = Debug|Any CPU
		{CBC997A7-62E5-E6E6-0485-D5E6F5268E25}.Debug|Any CPU.Build.0 = Debug|Any CPU
		{CBC997A7-62E5-E6E6-0485-D5E6F5268E25}.Release|Any CPU.ActiveCfg = Release|Any CPU
		{CBC997A7-62E5-E6E6-0485-D5E6F5268E25}.Release|Any CPU.Build.0 = Release|Any CPU
		{BBD2F726-6149-D5DC-1366-2780779E4A3A}.Debug|Any CPU.ActiveCfg = Debug|Any CPU
		{BBD2F726-6149-D5DC-1366-2780779E4A3A}.Debug|Any CPU.Build.0 = Debug|Any CPU
		{BBD2F726-6149-D5DC-1366-2780779E4A3A}.Release|Any CPU.ActiveCfg = Release|Any CPU
		{BBD2F726-6149-D5DC-1366-2780779E4A3A}.Release|Any CPU.Build.0 = Release|Any CPU
		{ECC7A957-FC57-D54A-AB67-8242E312A7FD}.Debug|Any CPU.ActiveCfg = Debug|Any CPU
		{ECC7A957-FC57-D54A-AB67-8242E312A7FD}.Debug|Any CPU.Build.0 = Debug|Any CPU
		{ECC7A957-FC57-D54A-AB67-8242E312A7FD}.Release|Any CPU.ActiveCfg = Release|Any CPU
		{ECC7A957-FC57-D54A-AB67-8242E312A7FD}.Release|Any CPU.Build.0 = Release|Any CPU
		{C48A26C1-D5C3-239A-3D02-32807D6B7FC9}.Debug|Any CPU.ActiveCfg = Debug|Any CPU
		{C48A26C1-D5C3-239A-3D02-32807D6B7FC9}.Debug|Any CPU.Build.0 = Debug|Any CPU
		{C48A26C1-D5C3-239A-3D02-32807D6B7FC9}.Release|Any CPU.ActiveCfg = Release|Any CPU
		{C48A26C1-D5C3-239A-3D02-32807D6B7FC9}.Release|Any CPU.Build.0 = Release|Any CPU
		{E11BE5CC-AE93-9D7E-B356-415DAF29CCB0}.Debug|Any CPU.ActiveCfg = Debug|Any CPU
		{E11BE5CC-AE93-9D7E-B356-415DAF29CCB0}.Debug|Any CPU.Build.0 = Debug|Any CPU
		{E11BE5CC-AE93-9D7E-B356-415DAF29CCB0}.Release|Any CPU.ActiveCfg = Release|Any CPU
		{E11BE5CC-AE93-9D7E-B356-415DAF29CCB0}.Release|Any CPU.Build.0 = Release|Any CPU
		{CAA267BD-BA98-3CB8-1435-F8CD02744F06}.Debug|Any CPU.ActiveCfg = Debug|Any CPU
		{CAA267BD-BA98-3CB8-1435-F8CD02744F06}.Debug|Any CPU.Build.0 = Debug|Any CPU
		{CAA267BD-BA98-3CB8-1435-F8CD02744F06}.Release|Any CPU.ActiveCfg = Release|Any CPU
		{CAA267BD-BA98-3CB8-1435-F8CD02744F06}.Release|Any CPU.Build.0 = Release|Any CPU
		{F3C8CE5C-3619-1B8A-71F8-6F293BE1BC8A}.Debug|Any CPU.ActiveCfg = Debug|Any CPU
		{F3C8CE5C-3619-1B8A-71F8-6F293BE1BC8A}.Debug|Any CPU.Build.0 = Debug|Any CPU
		{F3C8CE5C-3619-1B8A-71F8-6F293BE1BC8A}.Release|Any CPU.ActiveCfg = Release|Any CPU
		{F3C8CE5C-3619-1B8A-71F8-6F293BE1BC8A}.Release|Any CPU.Build.0 = Release|Any CPU
		{8E97340A-9494-3081-1A6E-3D49AE1330E4}.Debug|Any CPU.ActiveCfg = Debug|Any CPU
		{8E97340A-9494-3081-1A6E-3D49AE1330E4}.Debug|Any CPU.Build.0 = Debug|Any CPU
		{8E97340A-9494-3081-1A6E-3D49AE1330E4}.Release|Any CPU.ActiveCfg = Release|Any CPU
		{8E97340A-9494-3081-1A6E-3D49AE1330E4}.Release|Any CPU.Build.0 = Release|Any CPU
		{6EE605A0-4126-9791-1D93-B300E8FBEEA6}.Debug|Any CPU.ActiveCfg = Debug|Any CPU
		{6EE605A0-4126-9791-1D93-B300E8FBEEA6}.Debug|Any CPU.Build.0 = Debug|Any CPU
		{6EE605A0-4126-9791-1D93-B300E8FBEEA6}.Release|Any CPU.ActiveCfg = Release|Any CPU
		{6EE605A0-4126-9791-1D93-B300E8FBEEA6}.Release|Any CPU.Build.0 = Release|Any CPU
		{F7957DF7-25B3-C7BF-19BA-B76EAF6BCECE}.Debug|Any CPU.ActiveCfg = Debug|Any CPU
		{F7957DF7-25B3-C7BF-19BA-B76EAF6BCECE}.Debug|Any CPU.Build.0 = Debug|Any CPU
		{F7957DF7-25B3-C7BF-19BA-B76EAF6BCECE}.Release|Any CPU.ActiveCfg = Release|Any CPU
		{F7957DF7-25B3-C7BF-19BA-B76EAF6BCECE}.Release|Any CPU.Build.0 = Release|Any CPU
		{88FCAA33-AD73-353C-CCF4-BDDAE48D14BC}.Debug|Any CPU.ActiveCfg = Debug|Any CPU
		{88FCAA33-AD73-353C-CCF4-BDDAE48D14BC}.Debug|Any CPU.Build.0 = Debug|Any CPU
		{88FCAA33-AD73-353C-CCF4-BDDAE48D14BC}.Release|Any CPU.ActiveCfg = Release|Any CPU
		{88FCAA33-AD73-353C-CCF4-BDDAE48D14BC}.Release|Any CPU.Build.0 = Release|Any CPU
		{E62BE06E-D54F-054C-C665-259ED73669AC}.Debug|Any CPU.ActiveCfg = Debug|Any CPU
		{E62BE06E-D54F-054C-C665-259ED73669AC}.Debug|Any CPU.Build.0 = Debug|Any CPU
		{E62BE06E-D54F-054C-C665-259ED73669AC}.Release|Any CPU.ActiveCfg = Release|Any CPU
		{E62BE06E-D54F-054C-C665-259ED73669AC}.Release|Any CPU.Build.0 = Release|Any CPU
		{D0C94E8A-4386-4448-57FD-A9BDE44779E0}.Debug|Any CPU.ActiveCfg = Debug|Any CPU
		{D0C94E8A-4386-4448-57FD-A9BDE44779E0}.Debug|Any CPU.Build.0 = Debug|Any CPU
		{D0C94E8A-4386-4448-57FD-A9BDE44779E0}.Release|Any CPU.ActiveCfg = Release|Any CPU
		{D0C94E8A-4386-4448-57FD-A9BDE44779E0}.Release|Any CPU.Build.0 = Release|Any CPU
		{1A43EE15-95E0-11C2-64A1-683821577F9E}.Debug|Any CPU.ActiveCfg = Debug|Any CPU
		{1A43EE15-95E0-11C2-64A1-683821577F9E}.Debug|Any CPU.Build.0 = Debug|Any CPU
		{1A43EE15-95E0-11C2-64A1-683821577F9E}.Release|Any CPU.ActiveCfg = Release|Any CPU
		{1A43EE15-95E0-11C2-64A1-683821577F9E}.Release|Any CPU.Build.0 = Release|Any CPU
		{02301420-AC72-68A5-5E87-9907B56B791C}.Debug|Any CPU.ActiveCfg = Debug|Any CPU
		{02301420-AC72-68A5-5E87-9907B56B791C}.Debug|Any CPU.Build.0 = Debug|Any CPU
		{02301420-AC72-68A5-5E87-9907B56B791C}.Release|Any CPU.ActiveCfg = Release|Any CPU
		{02301420-AC72-68A5-5E87-9907B56B791C}.Release|Any CPU.Build.0 = Release|Any CPU
		{39E718DC-1876-7F87-AD59-96D99B60F4E2}.Debug|Any CPU.ActiveCfg = Debug|Any CPU
		{39E718DC-1876-7F87-AD59-96D99B60F4E2}.Debug|Any CPU.Build.0 = Debug|Any CPU
		{39E718DC-1876-7F87-AD59-96D99B60F4E2}.Release|Any CPU.ActiveCfg = Release|Any CPU
		{39E718DC-1876-7F87-AD59-96D99B60F4E2}.Release|Any CPU.Build.0 = Release|Any CPU
		{0E813AA3-146D-D7AC-246F-8E472D5F1451}.Debug|Any CPU.ActiveCfg = Debug|Any CPU
		{0E813AA3-146D-D7AC-246F-8E472D5F1451}.Debug|Any CPU.Build.0 = Debug|Any CPU
		{0E813AA3-146D-D7AC-246F-8E472D5F1451}.Release|Any CPU.ActiveCfg = Release|Any CPU
		{0E813AA3-146D-D7AC-246F-8E472D5F1451}.Release|Any CPU.Build.0 = Release|Any CPU
		{67C1ACE2-73CB-8078-4F89-DC1ADA782BA5}.Debug|Any CPU.ActiveCfg = Debug|Any CPU
		{67C1ACE2-73CB-8078-4F89-DC1ADA782BA5}.Debug|Any CPU.Build.0 = Debug|Any CPU
		{67C1ACE2-73CB-8078-4F89-DC1ADA782BA5}.Release|Any CPU.ActiveCfg = Release|Any CPU
		{67C1ACE2-73CB-8078-4F89-DC1ADA782BA5}.Release|Any CPU.Build.0 = Release|Any CPU
		{7474C6D6-B957-F500-E949-08019D500A08}.Debug|Any CPU.ActiveCfg = Debug|Any CPU
		{7474C6D6-B957-F500-E949-08019D500A08}.Debug|Any CPU.Build.0 = Debug|Any CPU
		{7474C6D6-B957-F500-E949-08019D500A08}.Release|Any CPU.ActiveCfg = Release|Any CPU
		{7474C6D6-B957-F500-E949-08019D500A08}.Release|Any CPU.Build.0 = Release|Any CPU
	EndGlobalSection
	GlobalSection(SolutionProperties) = preSolution
		HideSolutionNode = FALSE
	EndGlobalSection
	GlobalSection(NestedProjects) = preSolution
		{F6D36998-D115-6AE4-7D8E-48B805EDD83F} = {02EA681E-C7D8-13C7-8484-4AC65E1B71E8}
		{EE6D54B1-DAB3-130A-AE01-6FE5AC7049B4} = {02EA681E-C7D8-13C7-8484-4AC65E1B71E8}
		{75F7FF39-415A-051E-9D8A-84A65B2A3F92} = {02EA681E-C7D8-13C7-8484-4AC65E1B71E8}
		{8FFFEAA6-140B-46C4-9E1E-134710AC2B0F} = {3502CA89-F14B-49B3-B7D7-6230070674E8}
		{6C1E3A4B-4530-130E-FBA3-02124895405E} = {8FFFEAA6-140B-46C4-9E1E-134710AC2B0F}
		{4D1791D4-A8C2-439C-8E2C-6234F7721FB5} = {3502CA89-F14B-49B3-B7D7-6230070674E8}
		{F57F2ECE-CAB3-0147-E8BA-47E53CF4D4ED} = {4D1791D4-A8C2-439C-8E2C-6234F7721FB5}
		{DC6D868B-6BF7-8727-AB25-D8B4953DDD70} = {4D1791D4-A8C2-439C-8E2C-6234F7721FB5}
		{0704402A-27FB-2B81-A5B1-9428C89666FE} = {4D1791D4-A8C2-439C-8E2C-6234F7721FB5}
		{AC6F5F51-1521-BE92-2EB4-5050DDC260C3} = {4D1791D4-A8C2-439C-8E2C-6234F7721FB5}
		{769DBB29-F87A-4993-B6AA-584271CA7316} = {3502CA89-F14B-49B3-B7D7-6230070674E8}
		{3722ADB2-F852-9EE7-40C9-3FBD9433D186} = {769DBB29-F87A-4993-B6AA-584271CA7316}
		{1E69B93B-6B54-4A3B-A1F0-9B074FECCD31} = {769DBB29-F87A-4993-B6AA-584271CA7316}
		{B4E38C76-BDFF-438C-E99B-DE405D688933} = {769DBB29-F87A-4993-B6AA-584271CA7316}
		{3246BEB9-DBC4-B758-2987-594579D50FF0} = {769DBB29-F87A-4993-B6AA-584271CA7316}
		{2BC12B9F-D074-4BD6-A78B-62EFE384082A} = {3502CA89-F14B-49B3-B7D7-6230070674E8}
		{CBC997A7-62E5-E6E6-0485-D5E6F5268E25} = {2BC12B9F-D074-4BD6-A78B-62EFE384082A}
		{BBD2F726-6149-D5DC-1366-2780779E4A3A} = {2BC12B9F-D074-4BD6-A78B-62EFE384082A}
		{ECC7A957-FC57-D54A-AB67-8242E312A7FD} = {8FFFEAA6-140B-46C4-9E1E-134710AC2B0F}
		{B3034086-F940-498C-8EAE-8942026FA7D8} = {3502CA89-F14B-49B3-B7D7-6230070674E8}
		{C48A26C1-D5C3-239A-3D02-32807D6B7FC9} = {B3034086-F940-498C-8EAE-8942026FA7D8}
		{E11BE5CC-AE93-9D7E-B356-415DAF29CCB0} = {B3034086-F940-498C-8EAE-8942026FA7D8}
		{CAA267BD-BA98-3CB8-1435-F8CD02744F06} = {B3034086-F940-498C-8EAE-8942026FA7D8}
		{F3C8CE5C-3619-1B8A-71F8-6F293BE1BC8A} = {B3034086-F940-498C-8EAE-8942026FA7D8}
		{3AFB4190-39D1-4129-BC76-4EC33CED8FA5} = {3502CA89-F14B-49B3-B7D7-6230070674E8}
		{8E97340A-9494-3081-1A6E-3D49AE1330E4} = {3AFB4190-39D1-4129-BC76-4EC33CED8FA5}
		{6EE605A0-4126-9791-1D93-B300E8FBEEA6} = {3AFB4190-39D1-4129-BC76-4EC33CED8FA5}
		{F7957DF7-25B3-C7BF-19BA-B76EAF6BCECE} = {3AFB4190-39D1-4129-BC76-4EC33CED8FA5}
		{88FCAA33-AD73-353C-CCF4-BDDAE48D14BC} = {3AFB4190-39D1-4129-BC76-4EC33CED8FA5}
		{8B79D516-40F5-4231-ADB5-081F2E277F31} = {3502CA89-F14B-49B3-B7D7-6230070674E8}
		{E62BE06E-D54F-054C-C665-259ED73669AC} = {8B79D516-40F5-4231-ADB5-081F2E277F31}
		{D0C94E8A-4386-4448-57FD-A9BDE44779E0} = {8B79D516-40F5-4231-ADB5-081F2E277F31}
		{1A43EE15-95E0-11C2-64A1-683821577F9E} = {8B79D516-40F5-4231-ADB5-081F2E277F31}
		{02301420-AC72-68A5-5E87-9907B56B791C} = {8B79D516-40F5-4231-ADB5-081F2E277F31}
		{E24A660F-CEC8-43B1-B331-8E964BFAB511} = {3502CA89-F14B-49B3-B7D7-6230070674E8}
		{39E718DC-1876-7F87-AD59-96D99B60F4E2} = {E24A660F-CEC8-43B1-B331-8E964BFAB511}
		{0E813AA3-146D-D7AC-246F-8E472D5F1451} = {E24A660F-CEC8-43B1-B331-8E964BFAB511}
		{67C1ACE2-73CB-8078-4F89-DC1ADA782BA5} = {E24A660F-CEC8-43B1-B331-8E964BFAB511}
		{7474C6D6-B957-F500-E949-08019D500A08} = {E24A660F-CEC8-43B1-B331-8E964BFAB511}
	EndGlobalSection
	GlobalSection(ExtensibilityGlobals) = postSolution
		SolutionGuid = {C49F404A-A229-413E-8FC7-82D14D9A0AC1}
	EndGlobalSection
EndGlobal
